// !$*UTF8*$!
{
	archiveVersion = 1;
	classes = {
	};
	objectVersion = 50;
	objects = {

/* Begin PBXBuildFile section */
		C2763B4C2343842E00594FF6 /* AppDelegate.swift in Sources */ = {isa = PBXBuildFile; fileRef = C2763B4B2343842E00594FF6 /* AppDelegate.swift */; };
		C2763B4E2343842E00594FF6 /* SceneDelegate.swift in Sources */ = {isa = PBXBuildFile; fileRef = C2763B4D2343842E00594FF6 /* SceneDelegate.swift */; };
		C2763B512343842E00594FF6 /* testcloudkit.xcdatamodeld in Sources */ = {isa = PBXBuildFile; fileRef = C2763B4F2343842E00594FF6 /* testcloudkit.xcdatamodeld */; };
		C2763B532343842E00594FF6 /* ContentView.swift in Sources */ = {isa = PBXBuildFile; fileRef = C2763B522343842E00594FF6 /* ContentView.swift */; };
		C2763B552343842E00594FF6 /* Assets.xcassets in Resources */ = {isa = PBXBuildFile; fileRef = C2763B542343842E00594FF6 /* Assets.xcassets */; };
		C2763B582343842E00594FF6 /* Preview Assets.xcassets in Resources */ = {isa = PBXBuildFile; fileRef = C2763B572343842E00594FF6 /* Preview Assets.xcassets */; };
		C2763B5B2343842E00594FF6 /* LaunchScreen.storyboard in Resources */ = {isa = PBXBuildFile; fileRef = C2763B592343842E00594FF6 /* LaunchScreen.storyboard */; };
		C2763B652343855C00594FF6 /* CloudKit.framework in Frameworks */ = {isa = PBXBuildFile; fileRef = C2763B642343855C00594FF6 /* CloudKit.framework */; };
/* End PBXBuildFile section */

/* Begin PBXFileReference section */
		C2763B482343842E00594FF6 /* testcloudkit.app */ = {isa = PBXFileReference; explicitFileType = wrapper.application; includeInIndex = 0; path = testcloudkit.app; sourceTree = BUILT_PRODUCTS_DIR; };
		C2763B4B2343842E00594FF6 /* AppDelegate.swift */ = {isa = PBXFileReference; lastKnownFileType = sourcecode.swift; path = AppDelegate.swift; sourceTree = "<group>"; };
		C2763B4D2343842E00594FF6 /* SceneDelegate.swift */ = {isa = PBXFileReference; lastKnownFileType = sourcecode.swift; path = SceneDelegate.swift; sourceTree = "<group>"; };
		C2763B502343842E00594FF6 /* testcloudkit.xcdatamodel */ = {isa = PBXFileReference; lastKnownFileType = wrapper.xcdatamodel; path = testcloudkit.xcdatamodel; sourceTree = "<group>"; };
		C2763B522343842E00594FF6 /* ContentView.swift */ = {isa = PBXFileReference; lastKnownFileType = sourcecode.swift; path = ContentView.swift; sourceTree = "<group>"; };
		C2763B542343842E00594FF6 /* Assets.xcassets */ = {isa = PBXFileReference; lastKnownFileType = folder.assetcatalog; path = Assets.xcassets; sourceTree = "<group>"; };
		C2763B572343842E00594FF6 /* Preview Assets.xcassets */ = {isa = PBXFileReference; lastKnownFileType = folder.assetcatalog; path = "Preview Assets.xcassets"; sourceTree = "<group>"; };
		C2763B5A2343842E00594FF6 /* Base */ = {isa = PBXFileReference; lastKnownFileType = file.storyboard; name = Base; path = Base.lproj/LaunchScreen.storyboard; sourceTree = "<group>"; };
		C2763B5C2343842E00594FF6 /* Info.plist */ = {isa = PBXFileReference; lastKnownFileType = text.plist.xml; path = Info.plist; sourceTree = "<group>"; };
		C2763B622343855000594FF6 /* testcloudkit.entitlements */ = {isa = PBXFileReference; lastKnownFileType = text.plist.entitlements; path = testcloudkit.entitlements; sourceTree = "<group>"; };
		C2763B642343855C00594FF6 /* CloudKit.framework */ = {isa = PBXFileReference; lastKnownFileType = wrapper.framework; name = CloudKit.framework; path = System/Library/Frameworks/CloudKit.framework; sourceTree = SDKROOT; };
/* End PBXFileReference section */

/* Begin PBXFrameworksBuildPhase section */
		C2763B452343842E00594FF6 /* Frameworks */ = {
			isa = PBXFrameworksBuildPhase;
			buildActionMask = 2147483647;
			files = (
				C2763B652343855C00594FF6 /* CloudKit.framework in Frameworks */,
			);
			runOnlyForDeploymentPostprocessing = 0;
		};
/* End PBXFrameworksBuildPhase section */

/* Begin PBXGroup section */
		C2763B3F2343842E00594FF6 = {
			isa = PBXGroup;
			children = (
				C2763B4A2343842E00594FF6 /* testcloudkit */,
				C2763B492343842E00594FF6 /* Products */,
				C2763B632343855C00594FF6 /* Frameworks */,
			);
			sourceTree = "<group>";
		};
		C2763B492343842E00594FF6 /* Products */ = {
			isa = PBXGroup;
			children = (
				C2763B482343842E00594FF6 /* testcloudkit.app */,
			);
			name = Products;
			sourceTree = "<group>";
		};
		C2763B4A2343842E00594FF6 /* testcloudkit */ = {
			isa = PBXGroup;
			children = (
				C2763B622343855000594FF6 /* testcloudkit.entitlements */,
				C2763B4B2343842E00594FF6 /* AppDelegate.swift */,
				C2763B4D2343842E00594FF6 /* SceneDelegate.swift */,
				C2763B522343842E00594FF6 /* ContentView.swift */,
				C2763B542343842E00594FF6 /* Assets.xcassets */,
				C2763B592343842E00594FF6 /* LaunchScreen.storyboard */,
				C2763B5C2343842E00594FF6 /* Info.plist */,
				C2763B4F2343842E00594FF6 /* testcloudkit.xcdatamodeld */,
				C2763B562343842E00594FF6 /* Preview Content */,
			);
			path = testcloudkit;
			sourceTree = "<group>";
		};
		C2763B562343842E00594FF6 /* Preview Content */ = {
			isa = PBXGroup;
			children = (
				C2763B572343842E00594FF6 /* Preview Assets.xcassets */,
			);
			path = "Preview Content";
			sourceTree = "<group>";
		};
		C2763B632343855C00594FF6 /* Frameworks */ = {
			isa = PBXGroup;
			children = (
				C2763B642343855C00594FF6 /* CloudKit.framework */,
			);
			name = Frameworks;
			sourceTree = "<group>";
		};
/* End PBXGroup section */

/* Begin PBXNativeTarget section */
		C2763B472343842E00594FF6 /* testcloudkit */ = {
			isa = PBXNativeTarget;
			buildConfigurationList = C2763B5F2343842E00594FF6 /* Build configuration list for PBXNativeTarget "testcloudkit" */;
			buildPhases = (
				C2763B442343842E00594FF6 /* Sources */,
				C2763B452343842E00594FF6 /* Frameworks */,
				C2763B462343842E00594FF6 /* Resources */,
			);
			buildRules = (
			);
			dependencies = (
			);
			name = testcloudkit;
			productName = testcloudkit;
			productReference = C2763B482343842E00594FF6 /* testcloudkit.app */;
			productType = "com.apple.product-type.application";
		};
/* End PBXNativeTarget section */

/* Begin PBXProject section */
		C2763B402343842E00594FF6 /* Project object */ = {
			isa = PBXProject;
			attributes = {
				LastSwiftUpdateCheck = 1100;
				LastUpgradeCheck = 1100;
				ORGANIZATIONNAME = "Jake Nelson";
				TargetAttributes = {
					C2763B472343842E00594FF6 = {
						CreatedOnToolsVersion = 11.0;
					};
				};
			};
			buildConfigurationList = C2763B432343842E00594FF6 /* Build configuration list for PBXProject "testcloudkit" */;
			compatibilityVersion = "Xcode 9.3";
			developmentRegion = en;
			hasScannedForEncodings = 0;
			knownRegions = (
				en,
				Base,
			);
			mainGroup = C2763B3F2343842E00594FF6;
			productRefGroup = C2763B492343842E00594FF6 /* Products */;
			projectDirPath = "";
			projectRoot = "";
			targets = (
				C2763B472343842E00594FF6 /* testcloudkit */,
			);
		};
/* End PBXProject section */

/* Begin PBXResourcesBuildPhase section */
		C2763B462343842E00594FF6 /* Resources */ = {
			isa = PBXResourcesBuildPhase;
			buildActionMask = 2147483647;
			files = (
				C2763B5B2343842E00594FF6 /* LaunchScreen.storyboard in Resources */,
				C2763B582343842E00594FF6 /* Preview Assets.xcassets in Resources */,
				C2763B552343842E00594FF6 /* Assets.xcassets in Resources */,
			);
			runOnlyForDeploymentPostprocessing = 0;
		};
/* End PBXResourcesBuildPhase section */

/* Begin PBXSourcesBuildPhase section */
		C2763B442343842E00594FF6 /* Sources */ = {
			isa = PBXSourcesBuildPhase;
			buildActionMask = 2147483647;
			files = (
				C2763B512343842E00594FF6 /* testcloudkit.xcdatamodeld in Sources */,
				C2763B4C2343842E00594FF6 /* AppDelegate.swift in Sources */,
				C2763B532343842E00594FF6 /* ContentView.swift in Sources */,
				C2763B4E2343842E00594FF6 /* SceneDelegate.swift in Sources */,
			);
			runOnlyForDeploymentPostprocessing = 0;
		};
/* End PBXSourcesBuildPhase section */

/* Begin PBXVariantGroup section */
		C2763B592343842E00594FF6 /* LaunchScreen.storyboard */ = {
			isa = PBXVariantGroup;
			children = (
				C2763B5A2343842E00594FF6 /* Base */,
			);
			name = LaunchScreen.storyboard;
			sourceTree = "<group>";
		};
/* End PBXVariantGroup section */

/* Begin XCBuildConfiguration section */
		C2763B5D2343842E00594FF6 /* Debug */ = {
			isa = XCBuildConfiguration;
			buildSettings = {
				ALWAYS_SEARCH_USER_PATHS = NO;
				CLANG_ANALYZER_NONNULL = YES;
				CLANG_ANALYZER_NUMBER_OBJECT_CONVERSION = YES_AGGRESSIVE;
				CLANG_CXX_LANGUAGE_STANDARD = "gnu++14";
				CLANG_CXX_LIBRARY = "libc++";
				CLANG_ENABLE_MODULES = YES;
				CLANG_ENABLE_OBJC_ARC = YES;
				CLANG_ENABLE_OBJC_WEAK = YES;
				CLANG_WARN_BLOCK_CAPTURE_AUTORELEASING = YES;
				CLANG_WARN_BOOL_CONVERSION = YES;
				CLANG_WARN_COMMA = YES;
				CLANG_WARN_CONSTANT_CONVERSION = YES;
				CLANG_WARN_DEPRECATED_OBJC_IMPLEMENTATIONS = YES;
				CLANG_WARN_DIRECT_OBJC_ISA_USAGE = YES_ERROR;
				CLANG_WARN_DOCUMENTATION_COMMENTS = YES;
				CLANG_WARN_EMPTY_BODY = YES;
				CLANG_WARN_ENUM_CONVERSION = YES;
				CLANG_WARN_INFINITE_RECURSION = YES;
				CLANG_WARN_INT_CONVERSION = YES;
				CLANG_WARN_NON_LITERAL_NULL_CONVERSION = YES;
				CLANG_WARN_OBJC_IMPLICIT_RETAIN_SELF = YES;
				CLANG_WARN_OBJC_LITERAL_CONVERSION = YES;
				CLANG_WARN_OBJC_ROOT_CLASS = YES_ERROR;
				CLANG_WARN_RANGE_LOOP_ANALYSIS = YES;
				CLANG_WARN_STRICT_PROTOTYPES = YES;
				CLANG_WARN_SUSPICIOUS_MOVE = YES;
				CLANG_WARN_UNGUARDED_AVAILABILITY = YES_AGGRESSIVE;
				CLANG_WARN_UNREACHABLE_CODE = YES;
				CLANG_WARN__DUPLICATE_METHOD_MATCH = YES;
				COPY_PHASE_STRIP = NO;
				DEBUG_INFORMATION_FORMAT = dwarf;
				ENABLE_STRICT_OBJC_MSGSEND = YES;
				ENABLE_TESTABILITY = YES;
				GCC_C_LANGUAGE_STANDARD = gnu11;
				GCC_DYNAMIC_NO_PIC = NO;
				GCC_NO_COMMON_BLOCKS = YES;
				GCC_OPTIMIZATION_LEVEL = 0;
				GCC_PREPROCESSOR_DEFINITIONS = (
					"DEBUG=1",
					"$(inherited)",
				);
				GCC_WARN_64_TO_32_BIT_CONVERSION = YES;
				GCC_WARN_ABOUT_RETURN_TYPE = YES_ERROR;
				GCC_WARN_UNDECLARED_SELECTOR = YES;
				GCC_WARN_UNINITIALIZED_AUTOS = YES_AGGRESSIVE;
				GCC_WARN_UNUSED_FUNCTION = YES;
				GCC_WARN_UNUSED_VARIABLE = YES;
				IPHONEOS_DEPLOYMENT_TARGET = 13.0;
				MTL_ENABLE_DEBUG_INFO = INCLUDE_SOURCE;
				MTL_FAST_MATH = YES;
				ONLY_ACTIVE_ARCH = YES;
				SDKROOT = iphoneos;
				SWIFT_ACTIVE_COMPILATION_CONDITIONS = DEBUG;
				SWIFT_OPTIMIZATION_LEVEL = "-Onone";
			};
			name = Debug;
		};
		C2763B5E2343842E00594FF6 /* Release */ = {
			isa = XCBuildConfiguration;
			buildSettings = {
				ALWAYS_SEARCH_USER_PATHS = NO;
				CLANG_ANALYZER_NONNULL = YES;
				CLANG_ANALYZER_NUMBER_OBJECT_CONVERSION = YES_AGGRESSIVE;
				CLANG_CXX_LANGUAGE_STANDARD = "gnu++14";
				CLANG_CXX_LIBRARY = "libc++";
				CLANG_ENABLE_MODULES = YES;
				CLANG_ENABLE_OBJC_ARC = YES;
				CLANG_ENABLE_OBJC_WEAK = YES;
				CLANG_WARN_BLOCK_CAPTURE_AUTORELEASING = YES;
				CLANG_WARN_BOOL_CONVERSION = YES;
				CLANG_WARN_COMMA = YES;
				CLANG_WARN_CONSTANT_CONVERSION = YES;
				CLANG_WARN_DEPRECATED_OBJC_IMPLEMENTATIONS = YES;
				CLANG_WARN_DIRECT_OBJC_ISA_USAGE = YES_ERROR;
				CLANG_WARN_DOCUMENTATION_COMMENTS = YES;
				CLANG_WARN_EMPTY_BODY = YES;
				CLANG_WARN_ENUM_CONVERSION = YES;
				CLANG_WARN_INFINITE_RECURSION = YES;
				CLANG_WARN_INT_CONVERSION = YES;
				CLANG_WARN_NON_LITERAL_NULL_CONVERSION = YES;
				CLANG_WARN_OBJC_IMPLICIT_RETAIN_SELF = YES;
				CLANG_WARN_OBJC_LITERAL_CONVERSION = YES;
				CLANG_WARN_OBJC_ROOT_CLASS = YES_ERROR;
				CLANG_WARN_RANGE_LOOP_ANALYSIS = YES;
				CLANG_WARN_STRICT_PROTOTYPES = YES;
				CLANG_WARN_SUSPICIOUS_MOVE = YES;
				CLANG_WARN_UNGUARDED_AVAILABILITY = YES_AGGRESSIVE;
				CLANG_WARN_UNREACHABLE_CODE = YES;
				CLANG_WARN__DUPLICATE_METHOD_MATCH = YES;
				COPY_PHASE_STRIP = NO;
				DEBUG_INFORMATION_FORMAT = "dwarf-with-dsym";
				ENABLE_NS_ASSERTIONS = NO;
				ENABLE_STRICT_OBJC_MSGSEND = YES;
				GCC_C_LANGUAGE_STANDARD = gnu11;
				GCC_NO_COMMON_BLOCKS = YES;
				GCC_WARN_64_TO_32_BIT_CONVERSION = YES;
				GCC_WARN_ABOUT_RETURN_TYPE = YES_ERROR;
				GCC_WARN_UNDECLARED_SELECTOR = YES;
				GCC_WARN_UNINITIALIZED_AUTOS = YES_AGGRESSIVE;
				GCC_WARN_UNUSED_FUNCTION = YES;
				GCC_WARN_UNUSED_VARIABLE = YES;
				IPHONEOS_DEPLOYMENT_TARGET = 13.0;
				MTL_ENABLE_DEBUG_INFO = NO;
				MTL_FAST_MATH = YES;
				SDKROOT = iphoneos;
				SWIFT_COMPILATION_MODE = wholemodule;
				SWIFT_OPTIMIZATION_LEVEL = "-O";
				VALIDATE_PRODUCT = YES;
			};
			name = Release;
		};
		C2763B602343842E00594FF6 /* Debug */ = {
			isa = XCBuildConfiguration;
			buildSettings = {
				ASSETCATALOG_COMPILER_APPICON_NAME = AppIcon;
				CODE_SIGN_ENTITLEMENTS = testcloudkit/testcloudkit.entitlements;
				CODE_SIGN_STYLE = Automatic;
				DEVELOPMENT_ASSET_PATHS = "\"testcloudkit/Preview Content\"";
				DEVELOPMENT_TEAM = FL3R79336R;
				ENABLE_PREVIEWS = YES;
				INFOPLIST_FILE = testcloudkit/Info.plist;
				LD_RUNPATH_SEARCH_PATHS = (
					"$(inherited)",
					"@executable_path/Frameworks",
				);
				PRODUCT_BUNDLE_IDENTIFIER = com.jknlsn.testcloudkit;
				PRODUCT_NAME = "$(TARGET_NAME)";
				SWIFT_VERSION = 5.0;
				TARGETED_DEVICE_FAMILY = "1,2";
			};
			name = Debug;
		};
		C2763B612343842E00594FF6 /* Release */ = {
			isa = XCBuildConfiguration;
			buildSettings = {
				ASSETCATALOG_COMPILER_APPICON_NAME = AppIcon;
				CODE_SIGN_ENTITLEMENTS = testcloudkit/testcloudkit.entitlements;
				CODE_SIGN_STYLE = Automatic;
				DEVELOPMENT_ASSET_PATHS = "\"testcloudkit/Preview Content\"";
				DEVELOPMENT_TEAM = FL3R79336R;
				ENABLE_PREVIEWS = YES;
				INFOPLIST_FILE = testcloudkit/Info.plist;
				LD_RUNPATH_SEARCH_PATHS = (
					"$(inherited)",
					"@executable_path/Frameworks",
				);
				PRODUCT_BUNDLE_IDENTIFIER = com.jknlsn.testcloudkit;
				PRODUCT_NAME = "$(TARGET_NAME)";
				SWIFT_VERSION = 5.0;
				TARGETED_DEVICE_FAMILY = "1,2";
			};
			name = Release;
		};
/* End XCBuildConfiguration section */

/* Begin XCConfigurationList section */
		C2763B432343842E00594FF6 /* Build configuration list for PBXProject "testcloudkit" */ = {
			isa = XCConfigurationList;
			buildConfigurations = (
				C2763B5D2343842E00594FF6 /* Debug */,
				C2763B5E2343842E00594FF6 /* Release */,
			);
			defaultConfigurationIsVisible = 0;
			defaultConfigurationName = Release;
		};
		C2763B5F2343842E00594FF6 /* Build configuration list for PBXNativeTarget "testcloudkit" */ = {
			isa = XCConfigurationList;
			buildConfigurations = (
				C2763B602343842E00594FF6 /* Debug */,
				C2763B612343842E00594FF6 /* Release */,
			);
			defaultConfigurationIsVisible = 0;
			defaultConfigurationName = Release;
		};
/* End XCConfigurationList section */

/* Begin XCVersionGroup section */
		C2763B4F2343842E00594FF6 /* testcloudkit.xcdatamodeld */ = {
			isa = XCVersionGroup;
			children = (
				C2763B502343842E00594FF6 /* testcloudkit.xcdatamodel */,
			);
			currentVersion = C2763B502343842E00594FF6 /* testcloudkit.xcdatamodel */;
			path = testcloudkit.xcdatamodeld;
			sourceTree = "<group>";
			versionGroupType = wrapper.xcdatamodel;
		};
/* End XCVersionGroup section */
	};
	rootObject = C2763B402343842E00594FF6 /* Project object */;
}
